
Microsoft Visual Studio Solution File, Format Version 12.00
# Visual Studio Version 16
VisualStudioVersion = 16.0.31205.134
MinimumVisualStudioVersion = 10.0.40219.1
Project("{9A19103F-16F7-4668-BE54-9A1E7A4F7556}") = "MB.Domain", "MB.Domain\MB.Domain.csproj", "{9BDF1952-4FFE-4F4A-B352-B7DDF84DBA42}"
EndProject
Project("{9A19103F-16F7-4668-BE54-9A1E7A4F7556}") = "MB.Application", "MB.Application\MB.Application.csproj", "{B8A17ADC-D5B5-4E44-A385-FB428ADBDB6F}"
EndProject
Project("{9A19103F-16F7-4668-BE54-9A1E7A4F7556}") = "MB.Application.Contract", "MB.Application.Contract\MB.Application.Contract.csproj", "{61E1EF89-6DCF-4309-9237-FE025E3264F9}"
EndProject
Project("{9A19103F-16F7-4668-BE54-9A1E7A4F7556}") = "MB.Infrastructure.EFCore", "MB.Infrastructure.EFCore\MB.Infrastructure.EFCore.csproj", "{758EF7D7-943D-407C-9CE2-814F8CD7D625}"
EndProject
Project("{9A19103F-16F7-4668-BE54-9A1E7A4F7556}") = "MB.Infrastructure.Core", "MB.Infrastructure.Core\MB.Infrastructure.Core.csproj", "{1D1EF78D-F168-4FAE-B3F6-270674D18193}"
EndProject
Project("{9A19103F-16F7-4668-BE54-9A1E7A4F7556}") = "MB.Presentation.MVVM", "MB.Presentation.MVVM\MB.Presentation.MVVM.csproj", "{C8339495-BCAD-4195-AB04-4C40C8E40F83}"
EndProject
Project("{FAE04EC0-301F-11D3-BF4B-00C04F79EFBC}") = "MB.Infrastructure.Query", "MB.Infrastructure.Query\MB.Infrastructure.Query.csproj", "{3E1F6C06-C706-477A-81F8-A2CA7B48F992}"
EndProject
Global
	GlobalSection(SolutionConfigurationPlatforms) = preSolution
		Debug|Any CPU = Debug|Any CPU
		Release|Any CPU = Release|Any CPU
	EndGlobalSection
	GlobalSection(ProjectConfigurationPlatforms) = postSolution
		{9BDF1952-4FFE-4F4A-B352-B7DDF84DBA42}.Debug|Any CPU.ActiveCfg = Debug|Any CPU
		{9BDF1952-4FFE-4F4A-B352-B7DDF84DBA42}.Debug|Any CPU.Build.0 = Debug|Any CPU
		{9BDF1952-4FFE-4F4A-B352-B7DDF84DBA42}.Release|Any CPU.ActiveCfg = Release|Any CPU
		{9BDF1952-4FFE-4F4A-B352-B7DDF84DBA42}.Release|Any CPU.Build.0 = Release|Any CPU
		{B8A17ADC-D5B5-4E44-A385-FB428ADBDB6F}.Debug|Any CPU.ActiveCfg = Debug|Any CPU
		{B8A17ADC-D5B5-4E44-A385-FB428ADBDB6F}.Debug|Any CPU.Build.0 = Debug|Any CPU
		{B8A17ADC-D5B5-4E44-A385-FB428ADBDB6F}.Release|Any CPU.ActiveCfg = Release|Any CPU
		{B8A17ADC-D5B5-4E44-A385-FB428ADBDB6F}.Release|Any CPU.Build.0 = Release|Any CPU
		{61E1EF89-6DCF-4309-9237-FE025E3264F9}.Debug|Any CPU.ActiveCfg = Debug|Any CPU
		{61E1EF89-6DCF-4309-9237-FE025E3264F9}.Debug|Any CPU.Build.0 = Debug|Any CPU
		{61E1EF89-6DCF-4309-9237-FE025E3264F9}.Release|Any CPU.ActiveCfg = Release|Any CPU
		{61E1EF89-6DCF-4309-9237-FE025E3264F9}.Release|Any CPU.Build.0 = Release|Any CPU
		{758EF7D7-943D-407C-9CE2-814F8CD7D625}.Debug|Any CPU.ActiveCfg = Debug|Any CPU
		{758EF7D7-943D-407C-9CE2-814F8CD7D625}.Debug|Any CPU.Build.0 = Debug|Any CPU
		{758EF7D7-943D-407C-9CE2-814F8CD7D625}.Release|Any CPU.ActiveCfg = Release|Any CPU
		{758EF7D7-943D-407C-9CE2-814F8CD7D625}.Release|Any CPU.Build.0 = Release|Any CPU
		{1D1EF78D-F168-4FAE-B3F6-270674D18193}.Debug|Any CPU.ActiveCfg = Debug|Any CPU
		{1D1EF78D-F168-4FAE-B3F6-270674D18193}.Debug|Any CPU.Build.0 = Debug|Any CPU
		{1D1EF78D-F168-4FAE-B3F6-270674D18193}.Release|Any CPU.ActiveCfg = Release|Any CPU
		{1D1EF78D-F168-4FAE-B3F6-270674D18193}.Release|Any CPU.Build.0 = Release|Any CPU
		{C8339495-BCAD-4195-AB04-4C40C8E40F83}.Debug|Any CPU.ActiveCfg = Debug|Any CPU
		{C8339495-BCAD-4195-AB04-4C40C8E40F83}.Debug|Any CPU.Build.0 = Debug|Any CPU
		{C8339495-BCAD-4195-AB04-4C40C8E40F83}.Release|Any CPU.ActiveCfg = Release|Any CPU
		{C8339495-BCAD-4195-AB04-4C40C8E40F83}.Release|Any CPU.Build.0 = Release|Any CPU
		{3E1F6C06-C706-477A-81F8-A2CA7B48F992}.Debug|Any CPU.ActiveCfg = Debug|Any CPU
		{3E1F6C06-C706-477A-81F8-A2CA7B48F992}.Debug|Any CPU.Build.0 = Debug|Any CPU
		{3E1F6C06-C706-477A-81F8-A2CA7B48F992}.Release|Any CPU.ActiveCfg = Release|Any CPU
		{3E1F6C06-C706-477A-81F8-A2CA7B48F992}.Release|Any CPU.Build.0 = Release|Any CPU
	EndGlobalSection
	GlobalSection(SolutionProperties) = preSolution
		HideSolutionNode = FALSE
	EndGlobalSection
	GlobalSection(ExtensibilityGlobals) = postSolution
		SolutionGuid = {281F3C98-2FE2-4DDF-A3D8-3A0733261EF0}
	EndGlobalSection
EndGlobal
